
Microsoft Visual Studio Solution File, Format Version 12.00
# Visual Studio Version 17
VisualStudioVersion = 17.1.32228.430
MinimumVisualStudioVersion = 10.0.40219.1
Project("{8BC9CEB8-8B4A-11D0-8D11-00A0C91BC942}") = "Project2.2", "Project2.2\Project2.2.vcxproj", "{6033CA70-7391-4E8C-AD0E-22A031A7C7B1}"
EndProject
Project("{8BC9CEB8-8B4A-11D0-8D11-00A0C91BC942}") = "UnitTest1", "UnitTest1\UnitTest1.vcxproj", "{00D5DE4D-3205-4EB6-B1A5-F0375EC645C2}"
EndProject
Global
	GlobalSection(SolutionConfigurationPlatforms) = preSolution
		Debug|x64 = Debug|x64
		Debug|x86 = Debug|x86
		Release|x64 = Release|x64
		Release|x86 = Release|x86
	EndGlobalSection
	GlobalSection(ProjectConfigurationPlatforms) = postSolution
		{6033CA70-7391-4E8C-AD0E-22A031A7C7B1}.Debug|x64.ActiveCfg = Debug|x64
		{6033CA70-7391-4E8C-AD0E-22A031A7C7B1}.Debug|x64.Build.0 = Debug|x64
		{6033CA70-7391-4E8C-AD0E-22A031A7C7B1}.Debug|x86.ActiveCfg = Debug|Win32
		{6033CA70-7391-4E8C-AD0E-22A031A7C7B1}.Debug|x86.Build.0 = Debug|Win32
		{6033CA70-7391-4E8C-AD0E-22A031A7C7B1}.Release|x64.ActiveCfg = Release|x64
		{6033CA70-7391-4E8C-AD0E-22A031A7C7B1}.Release|x64.Build.0 = Release|x64
		{6033CA70-7391-4E8C-AD0E-22A031A7C7B1}.Release|x86.ActiveCfg = Release|Win32
		{6033CA70-7391-4E8C-AD0E-22A031A7C7B1}.Release|x86.Build.0 = Release|Win32
		{00D5DE4D-3205-4EB6-B1A5-F0375EC645C2}.Debug|x64.ActiveCfg = Debug|x64
		{00D5DE4D-3205-4EB6-B1A5-F0375EC645C2}.Debug|x64.Build.0 = Debug|x64
		{00D5DE4D-3205-4EB6-B1A5-F0375EC645C2}.Debug|x86.ActiveCfg = Debug|Win32
		{00D5DE4D-3205-4EB6-B1A5-F0375EC645C2}.Debug|x86.Build.0 = Debug|Win32
		{00D5DE4D-3205-4EB6-B1A5-F0375EC645C2}.Release|x64.ActiveCfg = Release|x64
		{00D5DE4D-3205-4EB6-B1A5-F0375EC645C2}.Release|x64.Build.0 = Release|x64
		{00D5DE4D-3205-4EB6-B1A5-F0375EC645C2}.Release|x86.ActiveCfg = Release|Win32
		{00D5DE4D-3205-4EB6-B1A5-F0375EC645C2}.Release|x86.Build.0 = Release|Win32
	EndGlobalSection
	GlobalSection(SolutionProperties) = preSolution
		HideSolutionNode = FALSE
	EndGlobalSection
	GlobalSection(ExtensibilityGlobals) = postSolution
		SolutionGuid = {37AF98CB-2AE3-4AB0-B69C-34601ED9BE53}
	EndGlobalSection
EndGlobal
